
Microsoft Visual Studio Solution File, Format Version 12.00
# Visual Studio Version 16
VisualStudioVersion = 16.0.31129.286
MinimumVisualStudioVersion = 10.0.40219.1
Project("{FAE04EC0-301F-11D3-BF4B-00C04F79EFBC}") = "ConsoleApp5", "ConsoleApp5.csproj", "{F1F83A39-4667-4785-A77B-12E4FD803321}"
EndProject
Global
	GlobalSection(SolutionConfigurationPlatforms) = preSolution
		Debug|Any CPU = Debug|Any CPU
		Release|Any CPU = Release|Any CPU
	EndGlobalSection
	GlobalSection(ProjectConfigurationPlatforms) = postSolution
		{F1F83A39-4667-4785-A77B-12E4FD803321}.Debug|Any CPU.ActiveCfg = Debug|Any CPU
		{F1F83A39-4667-4785-A77B-12E4FD803321}.Debug|Any CPU.Build.0 = Debug|Any CPU
		{F1F83A39-4667-4785-A77B-12E4FD803321}.Release|Any CPU.ActiveCfg = Release|Any CPU
		{F1F83A39-4667-4785-A77B-12E4FD803321}.Release|Any CPU.Build.0 = Release|Any CPU
	EndGlobalSection
	GlobalSection(SolutionProperties) = preSolution
		HideSolutionNode = FALSE
	EndGlobalSection
	GlobalSection(ExtensibilityGlobals) = postSolution
		SolutionGuid = {B06B6989-E37A-4BB3-9492-D8590DC838A0}
	EndGlobalSection
EndGlobal
